
Microsoft Visual Studio Solution File, Format Version 12.00
# Visual Studio 15
VisualStudioVersion = 15.0.27703.2018
MinimumVisualStudioVersion = 10.0.40219.1
Project("{8BC9CEB8-8B4A-11D0-8D11-00A0C91BC942}") = "塞尔达模型快速导出", "塞尔达模型快速导出\塞尔达模型快速导出.vcxproj", "{5586F277-4CC2-4F7E-AF11-4CF28117CE9B}"
EndProject
Global
	GlobalSection(SolutionConfigurationPlatforms) = preSolution
		Debug|x64 = Debug|x64
		Debug|x86 = Debug|x86
		Release|x64 = Release|x64
		Release|x86 = Release|x86
	EndGlobalSection
	GlobalSection(ProjectConfigurationPlatforms) = postSolution
		{5586F277-4CC2-4F7E-AF11-4CF28117CE9B}.Debug|x64.ActiveCfg = Debug|x64
		{5586F277-4CC2-4F7E-AF11-4CF28117CE9B}.Debug|x64.Build.0 = Debug|x64
		{5586F277-4CC2-4F7E-AF11-4CF28117CE9B}.Debug|x86.ActiveCfg = Debug|Win32
		{5586F277-4CC2-4F7E-AF11-4CF28117CE9B}.Debug|x86.Build.0 = Debug|Win32
		{5586F277-4CC2-4F7E-AF11-4CF28117CE9B}.Release|x64.ActiveCfg = Release|x64
		{5586F277-4CC2-4F7E-AF11-4CF28117CE9B}.Release|x64.Build.0 = Release|x64
		{5586F277-4CC2-4F7E-AF11-4CF28117CE9B}.Release|x86.ActiveCfg = Release|Win32
		{5586F277-4CC2-4F7E-AF11-4CF28117CE9B}.Release|x86.Build.0 = Release|Win32
	EndGlobalSection
	GlobalSection(SolutionProperties) = preSolution
		HideSolutionNode = FALSE
	EndGlobalSection
	GlobalSection(ExtensibilityGlobals) = postSolution
		SolutionGuid = {030C2840-E7B1-4DC3-84DD-56A680248160}
	EndGlobalSection
EndGlobal
